
Microsoft Visual Studio Solution File, Format Version 12.00
# Visual Studio Version 17
VisualStudioVersion = 17.3.32811.315
MinimumVisualStudioVersion = 10.0.40219.1
Project("{FAE04EC0-301F-11D3-BF4B-00C04F79EFBC}") = "WebApplication1", "WebApplication1\WebApplication1.csproj", "{EDA51410-0EFA-4959-8908-6482798A5052}"
EndProject
Global
	GlobalSection(SolutionConfigurationPlatforms) = preSolution
		Debug|Any CPU = Debug|Any CPU
		Release|Any CPU = Release|Any CPU
	EndGlobalSection
	GlobalSection(ProjectConfigurationPlatforms) = postSolution
		{EDA51410-0EFA-4959-8908-6482798A5052}.Debug|Any CPU.ActiveCfg = Debug|Any CPU
		{EDA51410-0EFA-4959-8908-6482798A5052}.Debug|Any CPU.Build.0 = Debug|Any CPU
		{EDA51410-0EFA-4959-8908-6482798A5052}.Release|Any CPU.ActiveCfg = Release|Any CPU
		{EDA51410-0EFA-4959-8908-6482798A5052}.Release|Any CPU.Build.0 = Release|Any CPU
	EndGlobalSection
	GlobalSection(SolutionProperties) = preSolution
		HideSolutionNode = FALSE
	EndGlobalSection
	GlobalSection(ExtensibilityGlobals) = postSolution
		SolutionGuid = {6AE20A9B-75AC-4C48-A652-9CCB2DB8919E}
	EndGlobalSection
EndGlobal
